
Microsoft Visual Studio Solution File, Format Version 12.00
# Visual Studio Version 17
VisualStudioVersion = 17.6.33815.320
MinimumVisualStudioVersion = 10.0.40219.1
Project("{8BC9CEB8-8B4A-11D0-8D11-00A0C91BC942}") = "Particles", "Particles\Particles.vcxproj", "{9453AF28-3C40-4305-8FFD-E7C56186A3BE}"
	ProjectSection(ProjectDependencies) = postProject
		{3F113F44-37D3-496F-844C-53E264F0D918} = {3F113F44-37D3-496F-844C-53E264F0D918}
	EndProjectSection
EndProject
Project("{8BC9CEB8-8B4A-11D0-8D11-00A0C91BC942}") = "CUDA-Particles", "CUDA-Particles\CUDA-Particles.vcxproj", "{3F113F44-37D3-496F-844C-53E264F0D918}"
EndProject
Global
	GlobalSection(SolutionConfigurationPlatforms) = preSolution
		Debug|x64 = Debug|x64
		Debug|x86 = Debug|x86
		Release|x64 = Release|x64
		Release|x86 = Release|x86
	EndGlobalSection
	GlobalSection(ProjectConfigurationPlatforms) = postSolution
		{9453AF28-3C40-4305-8FFD-E7C56186A3BE}.Debug|x64.ActiveCfg = Debug|x64
		{9453AF28-3C40-4305-8FFD-E7C56186A3BE}.Debug|x64.Build.0 = Debug|x64
		{9453AF28-3C40-4305-8FFD-E7C56186A3BE}.Debug|x86.ActiveCfg = Debug|Win32
		{9453AF28-3C40-4305-8FFD-E7C56186A3BE}.Debug|x86.Build.0 = Debug|Win32
		{9453AF28-3C40-4305-8FFD-E7C56186A3BE}.Release|x64.ActiveCfg = Release|x64
		{9453AF28-3C40-4305-8FFD-E7C56186A3BE}.Release|x64.Build.0 = Release|x64
		{9453AF28-3C40-4305-8FFD-E7C56186A3BE}.Release|x86.ActiveCfg = Release|Win32
		{9453AF28-3C40-4305-8FFD-E7C56186A3BE}.Release|x86.Build.0 = Release|Win32
		{3F113F44-37D3-496F-844C-53E264F0D918}.Debug|x64.ActiveCfg = Debug|x64
		{3F113F44-37D3-496F-844C-53E264F0D918}.Debug|x64.Build.0 = Debug|x64
		{3F113F44-37D3-496F-844C-53E264F0D918}.Debug|x86.ActiveCfg = Debug|x64
		{3F113F44-37D3-496F-844C-53E264F0D918}.Debug|x86.Build.0 = Debug|x64
		{3F113F44-37D3-496F-844C-53E264F0D918}.Release|x64.ActiveCfg = Release|x64
		{3F113F44-37D3-496F-844C-53E264F0D918}.Release|x64.Build.0 = Release|x64
		{3F113F44-37D3-496F-844C-53E264F0D918}.Release|x86.ActiveCfg = Release|x64
		{3F113F44-37D3-496F-844C-53E264F0D918}.Release|x86.Build.0 = Release|x64
	EndGlobalSection
	GlobalSection(SolutionProperties) = preSolution
		HideSolutionNode = FALSE
	EndGlobalSection
	GlobalSection(ExtensibilityGlobals) = postSolution
		SolutionGuid = {D1D7F2D7-E647-4890-BA3F-CE1B30138F38}
	EndGlobalSection
EndGlobal
